
Microsoft Visual Studio Solution File, Format Version 12.00
# Visual Studio 15
VisualStudioVersion = 15.0.28010.2046
MinimumVisualStudioVersion = 10.0.40219.1
Project("{2150E333-8FDC-42A3-9474-1A3956D46DE8}") = "1 - UI", "1 - UI", "{15FED354-2B70-4B1F-80A4-FCC023E68CBA}"
EndProject
Project("{2150E333-8FDC-42A3-9474-1A3956D46DE8}") = "2 - Domain", "2 - Domain", "{4ACABE00-CC26-487E-BABE-8658A1A8BADA}"
EndProject
Project("{2150E333-8FDC-42A3-9474-1A3956D46DE8}") = "3 - Infrastructure", "3 - Infrastructure", "{252399DC-F963-4699-AD18-E47ECD4C88E1}"
	ProjectSection(SolutionItems) = preProject
		src\SGEC.Infrastructure\Migrations\script para migracao.txt = src\SGEC.Infrastructure\Migrations\script para migracao.txt
		Script to Migration.txt = Script to Migration.txt
	EndProjectSection
EndProject
Project("{9A19103F-16F7-4668-BE54-9A1E7A4F7556}") = "EGEC.ApplicationCore", "src\EGEC.ApplicationCore\EGEC.ApplicationCore.csproj", "{ECA93C18-FACD-4AAF-A96A-A2C295E678F5}"
EndProject
Project("{9A19103F-16F7-4668-BE54-9A1E7A4F7556}") = "SGEC.Infrastructure", "src\SGEC.Infrastructure\SGEC.Infrastructure.csproj", "{D06E08AF-940F-431F-A43F-F6BCFECE7F6A}"
EndProject
Project("{9A19103F-16F7-4668-BE54-9A1E7A4F7556}") = "EGEC.UI.Web", "src\EGEC.UI.Web\EGEC.UI.Web.csproj", "{EE8EDD6C-9C34-418F-8E3B-CF55218AAFB7}"
EndProject
Global
	GlobalSection(SolutionConfigurationPlatforms) = preSolution
		Debug|Any CPU = Debug|Any CPU
		Release|Any CPU = Release|Any CPU
	EndGlobalSection
	GlobalSection(ProjectConfigurationPlatforms) = postSolution
		{ECA93C18-FACD-4AAF-A96A-A2C295E678F5}.Debug|Any CPU.ActiveCfg = Debug|Any CPU
		{ECA93C18-FACD-4AAF-A96A-A2C295E678F5}.Debug|Any CPU.Build.0 = Debug|Any CPU
		{ECA93C18-FACD-4AAF-A96A-A2C295E678F5}.Release|Any CPU.ActiveCfg = Release|Any CPU
		{ECA93C18-FACD-4AAF-A96A-A2C295E678F5}.Release|Any CPU.Build.0 = Release|Any CPU
		{D06E08AF-940F-431F-A43F-F6BCFECE7F6A}.Debug|Any CPU.ActiveCfg = Debug|Any CPU
		{D06E08AF-940F-431F-A43F-F6BCFECE7F6A}.Debug|Any CPU.Build.0 = Debug|Any CPU
		{D06E08AF-940F-431F-A43F-F6BCFECE7F6A}.Release|Any CPU.ActiveCfg = Release|Any CPU
		{D06E08AF-940F-431F-A43F-F6BCFECE7F6A}.Release|Any CPU.Build.0 = Release|Any CPU
		{EE8EDD6C-9C34-418F-8E3B-CF55218AAFB7}.Debug|Any CPU.ActiveCfg = Debug|Any CPU
		{EE8EDD6C-9C34-418F-8E3B-CF55218AAFB7}.Debug|Any CPU.Build.0 = Debug|Any CPU
		{EE8EDD6C-9C34-418F-8E3B-CF55218AAFB7}.Release|Any CPU.ActiveCfg = Release|Any CPU
		{EE8EDD6C-9C34-418F-8E3B-CF55218AAFB7}.Release|Any CPU.Build.0 = Release|Any CPU
	EndGlobalSection
	GlobalSection(SolutionProperties) = preSolution
		HideSolutionNode = FALSE
	EndGlobalSection
	GlobalSection(NestedProjects) = preSolution
		{ECA93C18-FACD-4AAF-A96A-A2C295E678F5} = {4ACABE00-CC26-487E-BABE-8658A1A8BADA}
		{D06E08AF-940F-431F-A43F-F6BCFECE7F6A} = {252399DC-F963-4699-AD18-E47ECD4C88E1}
		{EE8EDD6C-9C34-418F-8E3B-CF55218AAFB7} = {15FED354-2B70-4B1F-80A4-FCC023E68CBA}
	EndGlobalSection
	GlobalSection(ExtensibilityGlobals) = postSolution
		SolutionGuid = {7D1C7633-ECA9-4697-B666-5B9757923377}
	EndGlobalSection
EndGlobal
